Microsoft Visual Studio Solution File, Format Version 11.00
# Visual Studio 2008

Project("{CCA8FC74-3F62-BB26-2491-FB02B5C0FD73}") = "DFT", "Assembly-CSharp.csproj", "{0A178459-A095-A3F7-52D5-0419A9395E9B}"
EndProject
Global
	GlobalSection(SolutionConfigurationPlatforms) = preSolution
		Debug|Any CPU = Debug|Any CPU
		Release|Any CPU = Release|Any CPU
	EndGlobalSection
	GlobalSection(ProjectConfigurationPlatforms) = postSolution
		{0A178459-A095-A3F7-52D5-0419A9395E9B}.Debug|Any CPU.ActiveCfg = Debug|Any CPU
		{0A178459-A095-A3F7-52D5-0419A9395E9B}.Debug|Any CPU.Build.0 = Debug|Any CPU
		{0A178459-A095-A3F7-52D5-0419A9395E9B}.Release|Any CPU.ActiveCfg = Release|Any CPU
		{0A178459-A095-A3F7-52D5-0419A9395E9B}.Release|Any CPU.Build.0 = Release|Any CPU
	EndGlobalSection
	GlobalSection(SolutionProperties) = preSolution
		HideSolutionNode = FALSE
	EndGlobalSection
																																																																														GlobalSection(MonoDevelopProperties) = preSolution
=======
																																																																										GlobalSection(MonoDevelopProperties) = preSolution
>>>>>>> 16da484b8ce55d54a4f6381656380619084e3ed4
=======
																																																																				GlobalSection(MonoDevelopProperties) = preSolution
>>>>>>> 86cfffc6bea26b5b2758c8d48d69c8658ee44114
=======
<<<<<<< HEAD
																																																																						GlobalSection(MonoDevelopProperties) = preSolution
=======
<<<<<<< HEAD
=======
<<<<<<< HEAD
																																																																													GlobalSection(MonoDevelopProperties) = preSolution
=======
																																																																				GlobalSection(MonoDevelopProperties) = preSolution
>>>>>>> 86cfffc6bea26b5b2758c8d48d69c8658ee44114
=======
<<<<<<< HEAD
																																																																					GlobalSection(MonoDevelopProperties) = preSolution
=======
<<<<<<< HEAD
>>>>>>> 03ed96bf4c8e17a52cab040d4e22a825222cb34c
																																																																								GlobalSection(MonoDevelopProperties) = preSolution
=======
																																																																				GlobalSection(MonoDevelopProperties) = preSolution
<<<<<<< HEAD
>>>>>>> 86cfffc6bea26b5b2758c8d48d69c8658ee44114
>>>>>>> ca1d97fd78c985dea5411eadc09389c46ea12a4a
=======
>>>>>>> 86cfffc6bea26b5b2758c8d48d69c8658ee44114
>>>>>>> ca1d97fd78c985dea5411eadc09389c46ea12a4a
>>>>>>> c7b0274bba92f84dda01aa4389e7b9ab34cb74f0
>>>>>>> 03ed96bf4c8e17a52cab040d4e22a825222cb34c
>>>>>>> e6a5d33b18d55adc4fffc746011bc42c2b8b0e30
=======
<<<<<<< HEAD
=======
<<<<<<< Updated upstream
<<<<<<< HEAD
																																																																		GlobalSection(MonoDevelopProperties) = preSolution
=======
<<<<<<< HEAD
																																																														GlobalSection(MonoDevelopProperties) = preSolution
=======
<<<<<<< HEAD
>>>>>>> 6b5430fb66364efd4f96e395811f2f398208a7fd
																																																														GlobalSection(MonoDevelopProperties) = preSolution
<<<<<<< Updated upstream
>>>>>>> dd4606b728913fadeaf4ab6d4ebea1afa4ce0d84
=======
=======
																																																															GlobalSection(MonoDevelopProperties) = preSolution
>>>>>>> Stashed changes
>>>>>>> Stashed changes
=======
																																																										GlobalSection(MonoDevelopProperties) = preSolution
=======
																																																												GlobalSection(MonoDevelopProperties) = preSolution
>>>>>>> e408e138036621a8425eec2306fb1d0ca5af10eb
=======
																																																										GlobalSection(MonoDevelopProperties) = preSolution
=======
																																																									GlobalSection(MonoDevelopProperties) = preSolution
=======
																																																										GlobalSection(MonoDevelopProperties) = preSolution
>>>>>>> 496f9213d4707543e35f7c4e24ebfd2cab533e96
>>>>>>> 99623fa2654531c72bfcb70a2cd5e38f04228730
>>>>>>> f7c297a249a514ad7057f30c08155e362654020b
=======
																																																							GlobalSection(MonoDevelopProperties) = preSolution
>>>>>>> 5648e878cb273bd6f809ad73ec69c30d5ac790bd
=======
																																																							GlobalSection(MonoDevelopProperties) = preSolution
>>>>>>> 9c8e06a6ac6a568594a39bcc9dd1488ac08d8f85
=======
<<<<<<< HEAD
																																																						GlobalSection(MonoDevelopProperties) = preSolution
=======
<<<<<<< HEAD
=======
<<<<<<< HEAD
																																																		GlobalSection(MonoDevelopProperties) = preSolution
>>>>>>> 3c9b2d10e495a11fe0e7e4ac8514d1c560904791
=======
																																																		GlobalSection(MonoDevelopProperties) = preSolution
>>>>>>> d654a4170eeabf790a67e1eb2b9040f905577964
=======
<<<<<<< HEAD
																																																				GlobalSection(MonoDevelopProperties) = preSolution
<<<<<<< HEAD
=======
<<<<<<< HEAD
																																																	GlobalSection(MonoDevelopProperties) = preSolution
=======
																																																		GlobalSection(MonoDevelopProperties) = preSolution
>>>>>>> d654a4170eeabf790a67e1eb2b9040f905577964
>>>>>>> 319f7372ab93c735ff5883706c13b6020ef249d3
>>>>>>> 27ae69dd0d11d72366b8e28c98cd18872407bc31
=======
=======
<<<<<<< HEAD
>>>>>>> b8b2cf800225fd33dc6b081dfd865ba0f858d5a1
																																																	GlobalSection(MonoDevelopProperties) = preSolution
=======
																																																		GlobalSection(MonoDevelopProperties) = preSolution
<<<<<<< HEAD
>>>>>>> d654a4170eeabf790a67e1eb2b9040f905577964
>>>>>>> 319f7372ab93c735ff5883706c13b6020ef249d3
=======
>>>>>>> d654a4170eeabf790a67e1eb2b9040f905577964
>>>>>>> 319f7372ab93c735ff5883706c13b6020ef249d3
>>>>>>> 27ae69dd0d11d72366b8e28c98cd18872407bc31
>>>>>>> b8b2cf800225fd33dc6b081dfd865ba0f858d5a1
>>>>>>> 3c9b2d10e495a11fe0e7e4ac8514d1c560904791
=======
																																																						GlobalSection(MonoDevelopProperties) = preSolution
=======
<<<<<<< HEAD
																																																			GlobalSection(MonoDevelopProperties) = preSolution
=======
																																																		GlobalSection(MonoDevelopProperties) = preSolution
>>>>>>> 3b145f60354172cf88952fc3c93267b066794d58
>>>>>>> f23299b183db18903f772d510e614b5d5865a369
>>>>>>> dae235bf1864983d791b6c24c4ce85c9bb2b390d
=======
																																																			GlobalSection(MonoDevelopProperties) = preSolution
>>>>>>> 954d992800713cced9392fcad3cfcbb52d1dd2e6
		StartupItem = Assembly-CSharp.csproj
		Policies = $0
		$0.TextStylePolicy = $1
		$1.inheritsSet = null
		$1.scope = text/x-csharp
		$0.CSharpFormattingPolicy = $2
		$2.inheritsSet = Mono
		$2.inheritsScope = text/x-csharp
		$2.scope = text/x-csharp
		$0.TextStylePolicy = $3
		$3.FileWidth = 120
		$3.TabWidth = 4
		$3.EolMarker = Unix
		$3.inheritsSet = Mono
		$3.inheritsScope = text/plain
		$3.scope = text/plain
	EndGlobalSection

EndGlobal
